// !$*UTF8*$!
{
	archiveVersion = 1;
	classes = {
	};
	objectVersion = 55;
	objects = {

/* Begin PBXBuildFile section */
		2B0958CD2864E4AD004E4FCC /* AppDelegate.swift in Sources */ = {isa = PBXBuildFile; fileRef = 2B0958CC2864E4AD004E4FCC /* AppDelegate.swift */; };
		2B0958D92864E4AE004E4FCC /* LaunchScreen.storyboard in Resources */ = {isa = PBXBuildFile; fileRef = 2B0958D72864E4AE004E4FCC /* LaunchScreen.storyboard */; };
		2B43E83528A1ED2B002BEFB3 /* ListViewController.swift in Sources */ = {isa = PBXBuildFile; fileRef = 2B43E83028A1ED2B002BEFB3 /* ListViewController.swift */; };
		2B43E83628A1ED2B002BEFB3 /* ListDisplayCell.swift in Sources */ = {isa = PBXBuildFile; fileRef = 2B43E83128A1ED2B002BEFB3 /* ListDisplayCell.swift */; };
		2B43E83728A1ED2B002BEFB3 /* ListSwitchCell.swift in Sources */ = {isa = PBXBuildFile; fileRef = 2B43E83228A1ED2B002BEFB3 /* ListSwitchCell.swift */; };
		2B43E83828A1ED2B002BEFB3 /* ListTextInputCell.swift in Sources */ = {isa = PBXBuildFile; fileRef = 2B43E83328A1ED2B002BEFB3 /* ListTextInputCell.swift */; };
		2B43E83928A1ED2B002BEFB3 /* ListBase.swift in Sources */ = {isa = PBXBuildFile; fileRef = 2B43E83428A1ED2B002BEFB3 /* ListBase.swift */; };
		2BA39E682899E77D004F94F4 /* ScopeListCellBase.swift in Sources */ = {isa = PBXBuildFile; fileRef = 2BA39E672899E77D004F94F4 /* ScopeListCellBase.swift */; };
		2BA39E6A2899E7CC004F94F4 /* ScopeListContent.swift in Sources */ = {isa = PBXBuildFile; fileRef = 2BA39E692899E7CC004F94F4 /* ScopeListContent.swift */; };
		2BA39F44289C929F004F94F4 /* ScopeListHeader.swift in Sources */ = {isa = PBXBuildFile; fileRef = 2BA39F43289C929F004F94F4 /* ScopeListHeader.swift */; };
		2BAAC55F290CBF5C00305815 /* UIColorExt.swift in Sources */ = {isa = PBXBuildFile; fileRef = 2BAAC55E290CBF5C00305815 /* UIColorExt.swift */; };
		2BFF3E8F2865363400371B8F /* Asset.xcassets in Resources */ = {isa = PBXBuildFile; fileRef = 2BFF3E8E2865363400371B8F /* Asset.xcassets */; };
		2BFF3E912865466400371B8F /* ScopeSwitchCell.swift in Sources */ = {isa = PBXBuildFile; fileRef = 2BFF3E902865466400371B8F /* ScopeSwitchCell.swift */; };
		2BFF3E9728662FE700371B8F /* ScopeListViewController.swift in Sources */ = {isa = PBXBuildFile; fileRef = 2BFF3E9628662FE700371B8F /* ScopeListViewController.swift */; };
		2BFF3E992866300C00371B8F /* UIViewExt.swift in Sources */ = {isa = PBXBuildFile; fileRef = 2BFF3E982866300C00371B8F /* UIViewExt.swift */; };
		2BFF3E9B286632F100371B8F /* ScopeEditViewController.swift in Sources */ = {isa = PBXBuildFile; fileRef = 2BFF3E9A286632F100371B8F /* ScopeEditViewController.swift */; };
		2BFF3E9D286664CF00371B8F /* UIViewControllerExt.swift in Sources */ = {isa = PBXBuildFile; fileRef = 2BFF3E9C286664CF00371B8F /* UIViewControllerExt.swift */; };
		2BFF3EA028667BC800371B8F /* ScopeTextInputCell.swift in Sources */ = {isa = PBXBuildFile; fileRef = 2BFF3E9F28667BC800371B8F /* ScopeTextInputCell.swift */; };
		2BFF3EA4286BD9BE00371B8F /* BottomBarViewController.swift in Sources */ = {isa = PBXBuildFile; fileRef = 2BFF3EA3286BD9BE00371B8F /* BottomBarViewController.swift */; };
		2BFF3EA6286CC55600371B8F /* ScopeListViewModel.swift in Sources */ = {isa = PBXBuildFile; fileRef = 2BFF3EA5286CC55600371B8F /* ScopeListViewModel.swift */; };
		2BFF91A928765E2B00371B8F /* TwoWayBinding.swift in Sources */ = {isa = PBXBuildFile; fileRef = 2BFF91A828765E2B00371B8F /* TwoWayBinding.swift */; };
		2BFF91AB2876906000371B8F /* UITableViewExt.swift in Sources */ = {isa = PBXBuildFile; fileRef = 2BFF91AA2876906000371B8F /* UITableViewExt.swift */; };
		9F762E252A574EAE0023F6B4 /* TikTokOpenAuthSDK in Frameworks */ = {isa = PBXBuildFile; productRef = 9F762E242A574EAE0023F6B4 /* TikTokOpenAuthSDK */; };
		9F762E272A574EAE0023F6B4 /* TikTokOpenSDKCore in Frameworks */ = {isa = PBXBuildFile; productRef = 9F762E262A574EAE0023F6B4 /* TikTokOpenSDKCore */; };
		9F762E292A574EAE0023F6B4 /* TikTokOpenShareSDK in Frameworks */ = {isa = PBXBuildFile; productRef = 9F762E282A574EAE0023F6B4 /* TikTokOpenShareSDK */; };
/* End PBXBuildFile section */

/* Begin PBXFileReference section */
		2B0958C92864E4AD004E4FCC /* TikTokLoginDemo.app */ = {isa = PBXFileReference; explicitFileType = wrapper.application; includeInIndex = 0; path = TikTokLoginDemo.app; sourceTree = BUILT_PRODUCTS_DIR; };
		2B0958CC2864E4AD004E4FCC /* AppDelegate.swift */ = {isa = PBXFileReference; lastKnownFileType = sourcecode.swift; path = AppDelegate.swift; sourceTree = "<group>"; };
		2B0958D82864E4AE004E4FCC /* Base */ = {isa = PBXFileReference; lastKnownFileType = file.storyboard; name = Base; path = Base.lproj/LaunchScreen.storyboard; sourceTree = "<group>"; };
		2B0958DA2864E4AE004E4FCC /* Info.plist */ = {isa = PBXFileReference; lastKnownFileType = text.plist.xml; path = Info.plist; sourceTree = "<group>"; };
		2B43E83028A1ED2B002BEFB3 /* ListViewController.swift */ = {isa = PBXFileReference; fileEncoding = 4; lastKnownFileType = sourcecode.swift; path = ListViewController.swift; sourceTree = "<group>"; };
		2B43E83128A1ED2B002BEFB3 /* ListDisplayCell.swift */ = {isa = PBXFileReference; fileEncoding = 4; lastKnownFileType = sourcecode.swift; path = ListDisplayCell.swift; sourceTree = "<group>"; };
		2B43E83228A1ED2B002BEFB3 /* ListSwitchCell.swift */ = {isa = PBXFileReference; fileEncoding = 4; lastKnownFileType = sourcecode.swift; path = ListSwitchCell.swift; sourceTree = "<group>"; };
		2B43E83328A1ED2B002BEFB3 /* ListTextInputCell.swift */ = {isa = PBXFileReference; fileEncoding = 4; lastKnownFileType = sourcecode.swift; path = ListTextInputCell.swift; sourceTree = "<group>"; };
		2B43E83428A1ED2B002BEFB3 /* ListBase.swift */ = {isa = PBXFileReference; fileEncoding = 4; lastKnownFileType = sourcecode.swift; path = ListBase.swift; sourceTree = "<group>"; };
		2B9784D72B687FF50013FA15 /* TikTokLoginDemo.entitlements */ = {isa = PBXFileReference; lastKnownFileType = text.plist.entitlements; path = TikTokLoginDemo.entitlements; sourceTree = "<group>"; };
		2BA39E672899E77D004F94F4 /* ScopeListCellBase.swift */ = {isa = PBXFileReference; lastKnownFileType = sourcecode.swift; path = ScopeListCellBase.swift; sourceTree = "<group>"; };
		2BA39E692899E7CC004F94F4 /* ScopeListContent.swift */ = {isa = PBXFileReference; lastKnownFileType = sourcecode.swift; path = ScopeListContent.swift; sourceTree = "<group>"; };
		2BA39F43289C929F004F94F4 /* ScopeListHeader.swift */ = {isa = PBXFileReference; fileEncoding = 4; lastKnownFileType = sourcecode.swift; path = ScopeListHeader.swift; sourceTree = "<group>"; };
		2BAAC55E290CBF5C00305815 /* UIColorExt.swift */ = {isa = PBXFileReference; lastKnownFileType = sourcecode.swift; path = UIColorExt.swift; sourceTree = "<group>"; };
		2BFF3E8E2865363400371B8F /* Asset.xcassets */ = {isa = PBXFileReference; lastKnownFileType = folder.assetcatalog; path = Asset.xcassets; sourceTree = "<group>"; };
		2BFF3E902865466400371B8F /* ScopeSwitchCell.swift */ = {isa = PBXFileReference; lastKnownFileType = sourcecode.swift; path = ScopeSwitchCell.swift; sourceTree = "<group>"; };
		2BFF3E9628662FE700371B8F /* ScopeListViewController.swift */ = {isa = PBXFileReference; lastKnownFileType = sourcecode.swift; path = ScopeListViewController.swift; sourceTree = "<group>"; };
		2BFF3E982866300C00371B8F /* UIViewExt.swift */ = {isa = PBXFileReference; lastKnownFileType = sourcecode.swift; path = UIViewExt.swift; sourceTree = "<group>"; };
		2BFF3E9A286632F100371B8F /* ScopeEditViewController.swift */ = {isa = PBXFileReference; lastKnownFileType = sourcecode.swift; path = ScopeEditViewController.swift; sourceTree = "<group>"; };
		2BFF3E9C286664CF00371B8F /* UIViewControllerExt.swift */ = {isa = PBXFileReference; lastKnownFileType = sourcecode.swift; path = UIViewControllerExt.swift; sourceTree = "<group>"; };
		2BFF3E9F28667BC800371B8F /* ScopeTextInputCell.swift */ = {isa = PBXFileReference; lastKnownFileType = sourcecode.swift; path = ScopeTextInputCell.swift; sourceTree = "<group>"; };
		2BFF3EA3286BD9BE00371B8F /* BottomBarViewController.swift */ = {isa = PBXFileReference; lastKnownFileType = sourcecode.swift; path = BottomBarViewController.swift; sourceTree = "<group>"; };
		2BFF3EA5286CC55600371B8F /* ScopeListViewModel.swift */ = {isa = PBXFileReference; lastKnownFileType = sourcecode.swift; path = ScopeListViewModel.swift; sourceTree = "<group>"; };
		2BFF91A828765E2B00371B8F /* TwoWayBinding.swift */ = {isa = PBXFileReference; lastKnownFileType = sourcecode.swift; path = TwoWayBinding.swift; sourceTree = "<group>"; };
		2BFF91AA2876906000371B8F /* UITableViewExt.swift */ = {isa = PBXFileReference; lastKnownFileType = sourcecode.swift; path = UITableViewExt.swift; sourceTree = "<group>"; };
		9F762E222A574EA40023F6B4 /* tiktok-opensdk-ios */ = {isa = PBXFileReference; lastKnownFileType = wrapper; name = "tiktok-opensdk-ios"; path = ..; sourceTree = "<group>"; };
/* End PBXFileReference section */

/* Begin PBXFrameworksBuildPhase section */
		2B0958C62864E4AD004E4FCC /* Frameworks */ = {
			isa = PBXFrameworksBuildPhase;
			buildActionMask = 2147483647;
			files = (
				9F762E272A574EAE0023F6B4 /* TikTokOpenSDKCore in Frameworks */,
				9F762E292A574EAE0023F6B4 /* TikTokOpenShareSDK in Frameworks */,
				9F762E252A574EAE0023F6B4 /* TikTokOpenAuthSDK in Frameworks */,
			);
			runOnlyForDeploymentPostprocessing = 0;
		};
/* End PBXFrameworksBuildPhase section */

/* Begin PBXGroup section */
		2B0958C02864E4AD004E4FCC = {
			isa = PBXGroup;
			children = (
				9F762E222A574EA40023F6B4 /* tiktok-opensdk-ios */,
				2B0958CB2864E4AD004E4FCC /* TikTokLoginDemo */,
				2B0958CA2864E4AD004E4FCC /* Products */,
				9F762E232A574EAE0023F6B4 /* Frameworks */,
			);
			sourceTree = "<group>";
		};
		2B0958CA2864E4AD004E4FCC /* Products */ = {
			isa = PBXGroup;
			children = (
				2B0958C92864E4AD004E4FCC /* TikTokLoginDemo.app */,
			);
			name = Products;
			sourceTree = "<group>";
		};
		2B0958CB2864E4AD004E4FCC /* TikTokLoginDemo */ = {
			isa = PBXGroup;
			children = (
				2B9784D72B687FF50013FA15 /* TikTokLoginDemo.entitlements */,
				2B43E82F28A1ED2B002BEFB3 /* List */,
				2BFF3E9E2866676600371B8F /* PermissionList */,
				2BFF3E95286546FB00371B8F /* Utils */,
				2B0958CC2864E4AD004E4FCC /* AppDelegate.swift */,
				2BFF3E9A286632F100371B8F /* ScopeEditViewController.swift */,
				2BFF3EA3286BD9BE00371B8F /* BottomBarViewController.swift */,
				2B0958D72864E4AE004E4FCC /* LaunchScreen.storyboard */,
				2B0958DA2864E4AE004E4FCC /* Info.plist */,
				2BFF3E8E2865363400371B8F /* Asset.xcassets */,
			);
			path = TikTokLoginDemo;
			sourceTree = "<group>";
		};
		2B43E82F28A1ED2B002BEFB3 /* List */ = {
			isa = PBXGroup;
			children = (
				2B43E83028A1ED2B002BEFB3 /* ListViewController.swift */,
				2B43E83128A1ED2B002BEFB3 /* ListDisplayCell.swift */,
				2B43E83228A1ED2B002BEFB3 /* ListSwitchCell.swift */,
				2B43E83328A1ED2B002BEFB3 /* ListTextInputCell.swift */,
				2B43E83428A1ED2B002BEFB3 /* ListBase.swift */,
			);
			name = List;
			path = ../../ShareDemo/TikTokShareDemo/List;
			sourceTree = "<group>";
		};
		2BFF3E95286546FB00371B8F /* Utils */ = {
			isa = PBXGroup;
			children = (
				2BFF3EAD2875042B00371B8F /* Extension */,
				2BFF91A828765E2B00371B8F /* TwoWayBinding.swift */,
			);
			path = Utils;
			sourceTree = "<group>";
		};
		2BFF3E9E2866676600371B8F /* PermissionList */ = {
			isa = PBXGroup;
			children = (
				2BA39F43289C929F004F94F4 /* ScopeListHeader.swift */,
				2BFF3EA5286CC55600371B8F /* ScopeListViewModel.swift */,
				2BFF3E9628662FE700371B8F /* ScopeListViewController.swift */,
				2BA39E672899E77D004F94F4 /* ScopeListCellBase.swift */,
				2BA39E692899E7CC004F94F4 /* ScopeListContent.swift */,
				2BFF3E902865466400371B8F /* ScopeSwitchCell.swift */,
				2BFF3E9F28667BC800371B8F /* ScopeTextInputCell.swift */,
			);
			path = PermissionList;
			sourceTree = "<group>";
		};
		2BFF3EAD2875042B00371B8F /* Extension */ = {
			isa = PBXGroup;
			children = (
				2BFF3E982866300C00371B8F /* UIViewExt.swift */,
				2BFF3E9C286664CF00371B8F /* UIViewControllerExt.swift */,
				2BFF91AA2876906000371B8F /* UITableViewExt.swift */,
				2BAAC55E290CBF5C00305815 /* UIColorExt.swift */,
			);
			path = Extension;
			sourceTree = "<group>";
		};
		9F762E232A574EAE0023F6B4 /* Frameworks */ = {
			isa = PBXGroup;
			children = (
			);
			name = Frameworks;
			sourceTree = "<group>";
		};
/* End PBXGroup section */

/* Begin PBXNativeTarget section */
		2B0958C82864E4AD004E4FCC /* TikTokLoginDemo */ = {
			isa = PBXNativeTarget;
			buildConfigurationList = 2B0958F32864E4AE004E4FCC /* Build configuration list for PBXNativeTarget "TikTokLoginDemo" */;
			buildPhases = (
				2B0958C52864E4AD004E4FCC /* Sources */,
				2B0958C62864E4AD004E4FCC /* Frameworks */,
				2B0958C72864E4AD004E4FCC /* Resources */,
				2BA39E6B289A26D1004F94F4 /* ShellScript */,
			);
			buildRules = (
			);
			dependencies = (
			);
			name = TikTokLoginDemo;
			packageProductDependencies = (
				9F762E242A574EAE0023F6B4 /* TikTokOpenAuthSDK */,
				9F762E262A574EAE0023F6B4 /* TikTokOpenSDKCore */,
				9F762E282A574EAE0023F6B4 /* TikTokOpenShareSDK */,
			);
			productName = TikTokLoginDemo;
			productReference = 2B0958C92864E4AD004E4FCC /* TikTokLoginDemo.app */;
			productType = "com.apple.product-type.application";
		};
/* End PBXNativeTarget section */

/* Begin PBXProject section */
		2B0958C12864E4AD004E4FCC /* Project object */ = {
			isa = PBXProject;
			attributes = {
				BuildIndependentTargetsInParallel = 1;
				LastSwiftUpdateCheck = 1330;
				LastUpgradeCheck = 1430;
				TargetAttributes = {
					2B0958C82864E4AD004E4FCC = {
						CreatedOnToolsVersion = 13.3;
					};
				};
			};
			buildConfigurationList = 2B0958C42864E4AD004E4FCC /* Build configuration list for PBXProject "TikTokLoginDemo" */;
			compatibilityVersion = "Xcode 13.0";
			developmentRegion = en;
			hasScannedForEncodings = 0;
			knownRegions = (
				en,
				Base,
			);
			mainGroup = 2B0958C02864E4AD004E4FCC;
			productRefGroup = 2B0958CA2864E4AD004E4FCC /* Products */;
			projectDirPath = "";
			projectRoot = "";
			targets = (
				2B0958C82864E4AD004E4FCC /* TikTokLoginDemo */,
			);
		};
/* End PBXProject section */

/* Begin PBXResourcesBuildPhase section */
		2B0958C72864E4AD004E4FCC /* Resources */ = {
			isa = PBXResourcesBuildPhase;
			buildActionMask = 2147483647;
			files = (
				2B0958D92864E4AE004E4FCC /* LaunchScreen.storyboard in Resources */,
				2BFF3E8F2865363400371B8F /* Asset.xcassets in Resources */,
			);
			runOnlyForDeploymentPostprocessing = 0;
		};
/* End PBXResourcesBuildPhase section */

/* Begin PBXShellScriptBuildPhase section */
		2BA39E6B289A26D1004F94F4 /* ShellScript */ = {
			isa = PBXShellScriptBuildPhase;
			alwaysOutOfDate = 1;
			buildActionMask = 2147483647;
			files = (
			);
			inputFileListPaths = (
			);
			inputPaths = (
			);
			outputFileListPaths = (
			);
			outputPaths = (
			);
			runOnlyForDeploymentPostprocessing = 0;
			shellPath = /bin/sh;
			shellScript = "export PATH=\"$PATH:/opt/homebrew/bin\"\nif which swiftlint > /dev/null; then\n  swiftlint --fix\nelse\n  echo \"warning: SwiftLint not installed, download from https://github.com/realm/SwiftLint\"\nfi\n";
		};
/* End PBXShellScriptBuildPhase section */

/* Begin PBXSourcesBuildPhase section */
		2B0958C52864E4AD004E4FCC /* Sources */ = {
			isa = PBXSourcesBuildPhase;
			buildActionMask = 2147483647;
			files = (
				2B43E83528A1ED2B002BEFB3 /* ListViewController.swift in Sources */,
				2BFF3E992866300C00371B8F /* UIViewExt.swift in Sources */,
				2BFF3E9B286632F100371B8F /* ScopeEditViewController.swift in Sources */,
				2BA39F44289C929F004F94F4 /* ScopeListHeader.swift in Sources */,
				2B43E83628A1ED2B002BEFB3 /* ListDisplayCell.swift in Sources */,
				2BFF91AB2876906000371B8F /* UITableViewExt.swift in Sources */,
				2BFF91A928765E2B00371B8F /* TwoWayBinding.swift in Sources */,
				2B43E83828A1ED2B002BEFB3 /* ListTextInputCell.swift in Sources */,
				2BFF3EA6286CC55600371B8F /* ScopeListViewModel.swift in Sources */,
				2BA39E682899E77D004F94F4 /* ScopeListCellBase.swift in Sources */,
				2BFF3EA4286BD9BE00371B8F /* BottomBarViewController.swift in Sources */,
				2BFF3E912865466400371B8F /* ScopeSwitchCell.swift in Sources */,
				2BFF3E9728662FE700371B8F /* ScopeListViewController.swift in Sources */,
				2B43E83728A1ED2B002BEFB3 /* ListSwitchCell.swift in Sources */,
				2BFF3E9D286664CF00371B8F /* UIViewControllerExt.swift in Sources */,
				2BFF3EA028667BC800371B8F /* ScopeTextInputCell.swift in Sources */,
				2BA39E6A2899E7CC004F94F4 /* ScopeListContent.swift in Sources */,
				2B43E83928A1ED2B002BEFB3 /* ListBase.swift in Sources */,
				2BAAC55F290CBF5C00305815 /* UIColorExt.swift in Sources */,
				2B0958CD2864E4AD004E4FCC /* AppDelegate.swift in Sources */,
			);
			runOnlyForDeploymentPostprocessing = 0;
		};
/* End PBXSourcesBuildPhase section */

/* Begin PBXVariantGroup section */
		2B0958D72864E4AE004E4FCC /* LaunchScreen.storyboard */ = {
			isa = PBXVariantGroup;
			children = (
				2B0958D82864E4AE004E4FCC /* Base */,
			);
			name = LaunchScreen.storyboard;
			sourceTree = "<group>";
		};
/* End PBXVariantGroup section */

/* Begin XCBuildConfiguration section */
		2B0958F12864E4AE004E4FCC /* Debug */ = {
			isa = XCBuildConfiguration;
			buildSettings = {
				ALWAYS_SEARCH_USER_PATHS = NO;
				CLANG_ANALYZER_NONNULL = YES;
				CLANG_ANALYZER_NUMBER_OBJECT_CONVERSION = YES_AGGRESSIVE;
				CLANG_CXX_LANGUAGE_STANDARD = "gnu++17";
				CLANG_ENABLE_MODULES = YES;
				CLANG_ENABLE_OBJC_ARC = YES;
				CLANG_ENABLE_OBJC_WEAK = YES;
				CLANG_WARN_BLOCK_CAPTURE_AUTORELEASING = YES;
				CLANG_WARN_BOOL_CONVERSION = YES;
				CLANG_WARN_COMMA = YES;
				CLANG_WARN_CONSTANT_CONVERSION = YES;
				CLANG_WARN_DEPRECATED_OBJC_IMPLEMENTATIONS = YES;
				CLANG_WARN_DIRECT_OBJC_ISA_USAGE = YES_ERROR;
				CLANG_WARN_DOCUMENTATION_COMMENTS = YES;
				CLANG_WARN_EMPTY_BODY = YES;
				CLANG_WARN_ENUM_CONVERSION = YES;
				CLANG_WARN_INFINITE_RECURSION = YES;
				CLANG_WARN_INT_CONVERSION = YES;
				CLANG_WARN_NON_LITERAL_NULL_CONVERSION = YES;
				CLANG_WARN_OBJC_IMPLICIT_RETAIN_SELF = YES;
				CLANG_WARN_OBJC_LITERAL_CONVERSION = YES;
				CLANG_WARN_OBJC_ROOT_CLASS = YES_ERROR;
				CLANG_WARN_QUOTED_INCLUDE_IN_FRAMEWORK_HEADER = YES;
				CLANG_WARN_RANGE_LOOP_ANALYSIS = YES;
				CLANG_WARN_STRICT_PROTOTYPES = YES;
				CLANG_WARN_SUSPICIOUS_MOVE = YES;
				CLANG_WARN_UNGUARDED_AVAILABILITY = YES_AGGRESSIVE;
				CLANG_WARN_UNREACHABLE_CODE = YES;
				CLANG_WARN__DUPLICATE_METHOD_MATCH = YES;
				COPY_PHASE_STRIP = NO;
				DEBUG_INFORMATION_FORMAT = dwarf;
				ENABLE_STRICT_OBJC_MSGSEND = YES;
				ENABLE_TESTABILITY = YES;
				GCC_C_LANGUAGE_STANDARD = gnu11;
				GCC_DYNAMIC_NO_PIC = NO;
				GCC_NO_COMMON_BLOCKS = YES;
				GCC_OPTIMIZATION_LEVEL = 0;
				GCC_PREPROCESSOR_DEFINITIONS = (
					"DEBUG=1",
					"$(inherited)",
				);
				GCC_WARN_64_TO_32_BIT_CONVERSION = YES;
				GCC_WARN_ABOUT_RETURN_TYPE = YES_ERROR;
				GCC_WARN_UNDECLARED_SELECTOR = YES;
				GCC_WARN_UNINITIALIZED_AUTOS = YES_AGGRESSIVE;
				GCC_WARN_UNUSED_FUNCTION = YES;
				GCC_WARN_UNUSED_VARIABLE = YES;
				IPHONEOS_DEPLOYMENT_TARGET = 14.0;
				MTL_ENABLE_DEBUG_INFO = INCLUDE_SOURCE;
				MTL_FAST_MATH = YES;
				ONLY_ACTIVE_ARCH = YES;
				SDKROOT = iphoneos;
				SWIFT_ACTIVE_COMPILATION_CONDITIONS = DEBUG;
				SWIFT_OPTIMIZATION_LEVEL = "-Onone";
			};
			name = Debug;
		};
		2B0958F22864E4AE004E4FCC /* Release */ = {
			isa = XCBuildConfiguration;
			buildSettings = {
				ALWAYS_SEARCH_USER_PATHS = NO;
				CLANG_ANALYZER_NONNULL = YES;
				CLANG_ANALYZER_NUMBER_OBJECT_CONVERSION = YES_AGGRESSIVE;
				CLANG_CXX_LANGUAGE_STANDARD = "gnu++17";
				CLANG_ENABLE_MODULES = YES;
				CLANG_ENABLE_OBJC_ARC = YES;
				CLANG_ENABLE_OBJC_WEAK = YES;
				CLANG_WARN_BLOCK_CAPTURE_AUTORELEASING = YES;
				CLANG_WARN_BOOL_CONVERSION = YES;
				CLANG_WARN_COMMA = YES;
				CLANG_WARN_CONSTANT_CONVERSION = YES;
				CLANG_WARN_DEPRECATED_OBJC_IMPLEMENTATIONS = YES;
				CLANG_WARN_DIRECT_OBJC_ISA_USAGE = YES_ERROR;
				CLANG_WARN_DOCUMENTATION_COMMENTS = YES;
				CLANG_WARN_EMPTY_BODY = YES;
				CLANG_WARN_ENUM_CONVERSION = YES;
				CLANG_WARN_INFINITE_RECURSION = YES;
				CLANG_WARN_INT_CONVERSION = YES;
				CLANG_WARN_NON_LITERAL_NULL_CONVERSION = YES;
				CLANG_WARN_OBJC_IMPLICIT_RETAIN_SELF = YES;
				CLANG_WARN_OBJC_LITERAL_CONVERSION = YES;
				CLANG_WARN_OBJC_ROOT_CLASS = YES_ERROR;
				CLANG_WARN_QUOTED_INCLUDE_IN_FRAMEWORK_HEADER = YES;
				CLANG_WARN_RANGE_LOOP_ANALYSIS = YES;
				CLANG_WARN_STRICT_PROTOTYPES = YES;
				CLANG_WARN_SUSPICIOUS_MOVE = YES;
				CLANG_WARN_UNGUARDED_AVAILABILITY = YES_AGGRESSIVE;
				CLANG_WARN_UNREACHABLE_CODE = YES;
				CLANG_WARN__DUPLICATE_METHOD_MATCH = YES;
				COPY_PHASE_STRIP = NO;
				DEBUG_INFORMATION_FORMAT = "dwarf-with-dsym";
				ENABLE_NS_ASSERTIONS = NO;
				ENABLE_STRICT_OBJC_MSGSEND = YES;
				GCC_C_LANGUAGE_STANDARD = gnu11;
				GCC_NO_COMMON_BLOCKS = YES;
				GCC_WARN_64_TO_32_BIT_CONVERSION = YES;
				GCC_WARN_ABOUT_RETURN_TYPE = YES_ERROR;
				GCC_WARN_UNDECLARED_SELECTOR = YES;
				GCC_WARN_UNINITIALIZED_AUTOS = YES_AGGRESSIVE;
				GCC_WARN_UNUSED_FUNCTION = YES;
				GCC_WARN_UNUSED_VARIABLE = YES;
				IPHONEOS_DEPLOYMENT_TARGET = 14.0;
				MTL_ENABLE_DEBUG_INFO = NO;
				MTL_FAST_MATH = YES;
				SDKROOT = iphoneos;
				SWIFT_COMPILATION_MODE = wholemodule;
				SWIFT_OPTIMIZATION_LEVEL = "-O";
				VALIDATE_PRODUCT = YES;
			};
			name = Release;
		};
		2B0958F42864E4AE004E4FCC /* Debug */ = {
			isa = XCBuildConfiguration;
			buildSettings = {
				ASSETCATALOG_COMPILER_APPICON_NAME = AppIcon;
				ASSETCATALOG_COMPILER_GLOBAL_ACCENT_COLOR_NAME = AccentColor;
				CODE_SIGN_ENTITLEMENTS = TikTokLoginDemo/TikTokLoginDemo.entitlements;
				CURRENT_PROJECT_VERSION = 1;
				DEBUG_INFORMATION_FORMAT = "dwarf-with-dsym";
				GENERATE_INFOPLIST_FILE = YES;
				INFOPLIST_FILE = TikTokLoginDemo/Info.plist;
				INFOPLIST_KEY_UIApplicationSupportsIndirectInputEvents = YES;
				INFOPLIST_KEY_UILaunchStoryboardName = LaunchScreen;
				INFOPLIST_KEY_UIRequiresFullScreen = YES;
				INFOPLIST_KEY_UISupportedInterfaceOrientations = UIInterfaceOrientationPortrait;
				INFOPLIST_KEY_UIUserInterfaceStyle = Light;
				IPHONEOS_DEPLOYMENT_TARGET = 12.0;
				LD_RUNPATH_SEARCH_PATHS = (
					"$(inherited)",
					"@executable_path/Frameworks",
				);
				MARKETING_VERSION = 1.0;
				PRODUCT_BUNDLE_IDENTIFIER = com.tiktok.open.loginkitdemo;
				PRODUCT_NAME = "$(TARGET_NAME)";
				SWIFT_EMIT_LOC_STRINGS = YES;
				SWIFT_VERSION = 5.0;
				TARGETED_DEVICE_FAMILY = "1,2";
			};
			name = Debug;
		};
		2B0958F52864E4AE004E4FCC /* Release */ = {
			isa = XCBuildConfiguration;
			buildSettings = {
				ASSETCATALOG_COMPILER_APPICON_NAME = AppIcon;
				ASSETCATALOG_COMPILER_GLOBAL_ACCENT_COLOR_NAME = AccentColor;
				CODE_SIGN_ENTITLEMENTS = TikTokLoginDemo/TikTokLoginDemo.entitlements;
				CURRENT_PROJECT_VERSION = 1;
				GENERATE_INFOPLIST_FILE = YES;
				INFOPLIST_FILE = TikTokLoginDemo/Info.plist;
				INFOPLIST_KEY_UIApplicationSupportsIndirectInputEvents = YES;
				INFOPLIST_KEY_UILaunchStoryboardName = LaunchScreen;
				INFOPLIST_KEY_UIRequiresFullScreen = YES;
				INFOPLIST_KEY_UISupportedInterfaceOrientations = UIInterfaceOrientationPortrait;
				INFOPLIST_KEY_UIUserInterfaceStyle = Light;
				IPHONEOS_DEPLOYMENT_TARGET = 12.0;
				LD_RUNPATH_SEARCH_PATHS = (
					"$(inherited)",
					"@executable_path/Frameworks",
				);
				MARKETING_VERSION = 1.0;
				PRODUCT_BUNDLE_IDENTIFIER = com.tiktok.open.loginkitdemo;
				PRODUCT_NAME = "$(TARGET_NAME)";
				SWIFT_EMIT_LOC_STRINGS = YES;
				SWIFT_VERSION = 5.0;
				TARGETED_DEVICE_FAMILY = "1,2";
			};
			name = Release;
		};
/* End XCBuildConfiguration section */

/* Begin XCConfigurationList section */
		2B0958C42864E4AD004E4FCC /* Build configuration list for PBXProject "TikTokLoginDemo" */ = {
			isa = XCConfigurationList;
			buildConfigurations = (
				2B0958F12864E4AE004E4FCC /* Debug */,
				2B0958F22864E4AE004E4FCC /* Release */,
			);
			defaultConfigurationIsVisible = 0;
			defaultConfigurationName = Release;
		};
		2B0958F32864E4AE004E4FCC /* Build configuration list for PBXNativeTarget "TikTokLoginDemo" */ = {
			isa = XCConfigurationList;
			buildConfigurations = (
				2B0958F42864E4AE004E4FCC /* Debug */,
				2B0958F52864E4AE004E4FCC /* Release */,
			);
			defaultConfigurationIsVisible = 0;
			defaultConfigurationName = Release;
		};
/* End XCConfigurationList section */

/* Begin XCSwiftPackageProductDependency section */
		9F762E242A574EAE0023F6B4 /* TikTokOpenAuthSDK */ = {
			isa = XCSwiftPackageProductDependency;
			productName = TikTokOpenAuthSDK;
		};
		9F762E262A574EAE0023F6B4 /* TikTokOpenSDKCore */ = {
			isa = XCSwiftPackageProductDependency;
			productName = TikTokOpenSDKCore;
		};
		9F762E282A574EAE0023F6B4 /* TikTokOpenShareSDK */ = {
			isa = XCSwiftPackageProductDependency;
			productName = TikTokOpenShareSDK;
		};
/* End XCSwiftPackageProductDependency section */
	};
	rootObject = 2B0958C12864E4AD004E4FCC /* Project object */;
}
